Microsoft Visual Studio Solution File, Format Version 12.00
# Visual Studio Version 17
VisualStudioVersion = 17.5.2.0
MinimumVisualStudioVersion = 10.0.40219.1
Project("{FAE04EC0-301F-11D3-BF4B-00C04F79EFBC}") = "MyHardwareMonitor", "MyHardwareMonitor.csproj", "{96E164A2-F9D5-6B87-8570-272F1A830727}"
EndProject
Global
	GlobalSection(SolutionConfigurationPlatforms) = preSolution
		Debug|Any CPU = Debug|Any CPU
		Release|Any CPU = Release|Any CPU
	EndGlobalSection
	GlobalSection(ProjectConfigurationPlatforms) = postSolution
		{96E164A2-F9D5-6B87-8570-272F1A830727}.Debug|Any CPU.ActiveCfg = Debug|Any CPU
		{96E164A2-F9D5-6B87-8570-272F1A830727}.Debug|Any CPU.Build.0 = Debug|Any CPU
		{96E164A2-F9D5-6B87-8570-272F1A830727}.Release|Any CPU.ActiveCfg = Release|Any CPU
		{96E164A2-F9D5-6B87-8570-272F1A830727}.Release|Any CPU.Build.0 = Release|Any CPU
	EndGlobalSection
	GlobalSection(SolutionProperties) = preSolution
		HideSolutionNode = FALSE
	EndGlobalSection
	GlobalSection(ExtensibilityGlobals) = postSolution
		SolutionGuid = {7B596141-6254-42C9-824E-47F8ACC84594}
	EndGlobalSection
EndGlobal
